
Microsoft Visual Studio Solution File, Format Version 12.00
# Visual Studio Version 16
VisualStudioVersion = 16.0.33027.164
MinimumVisualStudioVersion = 10.0.40219.1
Project("{FAE04EC0-301F-11D3-BF4B-00C04F79EFBC}") = "homework", "homework\homework.csproj", "{F80158FB-F841-4A39-AE35-E705E3B04A08}"
EndProject
Global
	GlobalSection(SolutionConfigurationPlatforms) = preSolution
		Debug|Any CPU = Debug|Any CPU
		Release|Any CPU = Release|Any CPU
	EndGlobalSection
	GlobalSection(ProjectConfigurationPlatforms) = postSolution
		{F80158FB-F841-4A39-AE35-E705E3B04A08}.Debug|Any CPU.ActiveCfg = Debug|Any CPU
		{F80158FB-F841-4A39-AE35-E705E3B04A08}.Debug|Any CPU.Build.0 = Debug|Any CPU
		{F80158FB-F841-4A39-AE35-E705E3B04A08}.Release|Any CPU.ActiveCfg = Release|Any CPU
		{F80158FB-F841-4A39-AE35-E705E3B04A08}.Release|Any CPU.Build.0 = Release|Any CPU
	EndGlobalSection
	GlobalSection(SolutionProperties) = preSolution
		HideSolutionNode = FALSE
	EndGlobalSection
	GlobalSection(ExtensibilityGlobals) = postSolution
		SolutionGuid = {6D561945-424C-4FB6-B31B-800403C1FF3C}
	EndGlobalSection
EndGlobal
